{
  "nodes": {
    "codex-rs": {
      "flake": false,
      "locked": {
        "dir": "codex-rs",
        "lastModified": 1749259930,
        "narHash": "sha256-bMI1BS+NzPD64napBa/+Oq8yxqUmU5jSD6KHUGUSZD8=",
        "owner": "openai",
        "repo": "codex",
        "rev": "b73426c1c40187ca13c74c03912a681072c2884f",
        "type": "github"
      },
      "original": {
        "dir": "codex-rs",
        "owner": "openai",
        "repo": "codex",
        "type": "github"
      }
    },
    "firefox-addons": {
      "inputs": {
        "nixpkgs": [
          "nixpkgs"
        ]
      },
      "locked": {
        "dir": "pkgs/firefox-addons",
        "lastModified": 1744974023,
        "narHash": "sha256-7P4gZOxx5hmHNW++vtsWILxuPO1RB+8kyKDDQ7Ij10Q=",
        "owner": "rycee",
        "repo": "nur-expressions",
        "rev": "d53de206d64dd4581b5d5bbc7dcb2e8c5a1d836a",
        "type": "gitlab"
      },
      "original": {
        "dir": "pkgs/firefox-addons",
        "owner": "rycee",
        "repo": "nur-expressions",
        "type": "gitlab"
      }
    },
    "flake-compat": {
      "flake": false,
      "locked": {
        "lastModified": 1733328505,
        "narHash": "sha256-NeCCThCEP3eCl2l/+27kNNK7QrwZB1IJCrXfrbv5oqU=",
        "owner": "edolstra",
        "repo": "flake-compat",
        "rev": "ff81ac966bb2cae68946d5ed5fc4994f96d0ffec",
        "type": "github"
      },
      "original": {
        "owner": "edolstra",
        "repo": "flake-compat",
        "type": "github"
      }
    },
    "home-manager": {
      "inputs": {
        "nixpkgs": [
          "nixpkgs"
        ]
      },
      "locked": {
        "lastModified": 1745016969,
        "narHash": "sha256-nDK8Z+LsNWrUsQ1JjnndNB57lvCmvy2QZUoCakoJCcI=",
        "owner": "nix-community",
        "repo": "home-manager",
        "rev": "67f60ebce88a89939fb509f304ac554bcdc5bfa6",
        "type": "github"
      },
      "original": {
        "owner": "nix-community",
        "repo": "home-manager",
        "type": "github"
      }
    },
    "nixos-wsl": {
      "inputs": {
        "flake-compat": "flake-compat",
        "nixpkgs": "nixpkgs"
      },
      "locked": {
        "lastModified": 1744290088,
        "narHash": "sha256-/X9XVEl0EiyisNbF5srrxXRSVoRqdwExuqyspYqqEjQ=",
        "owner": "nix-community",
        "repo": "NixOS-WSL",
        "rev": "60b4904a1390ac4c89e93d95f6ed928975e525ed",
        "type": "github"
      },
      "original": {
        "owner": "nix-community",
        "ref": "main",
        "repo": "NixOS-WSL",
        "type": "github"
      }
    },
    "nixpkgs": {
      "locked": {
        "lastModified": 1742937945,
        "narHash": "sha256-lWc+79eZRyvHp/SqMhHTMzZVhpxkRvthsP1Qx6UCq0E=",
        "owner": "NixOS",
        "repo": "nixpkgs",
        "rev": "d02d88f8de5b882ccdde0465d8fa2db3aa1169f7",
        "type": "github"
      },
      "original": {
        "owner": "NixOS",
        "ref": "nixos-24.11",
        "repo": "nixpkgs",
        "type": "github"
      }
    },
    "nixpkgs_2": {
      "locked": {
        "lastModified": 1744932701,
        "narHash": "sha256-fusHbZCyv126cyArUwwKrLdCkgVAIaa/fQJYFlCEqiU=",
        "owner": "NixOS",
        "repo": "nixpkgs",
        "rev": "b024ced1aac25639f8ca8fdfc2f8c4fbd66c48ef",
        "type": "github"
      },
      "original": {
        "owner": "NixOS",
        "ref": "nixos-unstable",
        "repo": "nixpkgs",
        "type": "github"
      }
    },
    "plugin-gp-nvim": {
      "flake": false,
      "locked": {
        "lastModified": 1723452815,
        "narHash": "sha256-3tfhahQZPBYbAnRQXtMAnfwr4gH7mdjxtB8ZqrU3au4=",
        "owner": "robitx",
        "repo": "gp.nvim",
        "rev": "e6a01e9788dbc7c09df6ffe47b6d15d1cb455de8",
        "type": "github"
      },
      "original": {
        "owner": "robitx",
        "ref": "v3.9.0",
        "repo": "gp.nvim",
        "type": "github"
      }
    },
    "plugin-neotree-mdheaders": {
      "flake": false,
      "locked": {
        "lastModified": 1693168881,
        "narHash": "sha256-irEyKqNyRWsW5mfhgoHsQ/tVq+MvMr6pdI3iUWJ5lko=",
        "owner": "NickHarvey2",
        "repo": "neo-tree-mdheaders",
        "rev": "5688826af142c3782a4d415f96773df9eb24672d",
        "type": "github"
      },
      "original": {
        "owner": "NickHarvey2",
        "repo": "neo-tree-mdheaders",
        "type": "github"
      }
    },
    "root": {
      "inputs": {
        "codex-rs": "codex-rs",
        "firefox-addons": "firefox-addons",
        "home-manager": "home-manager",
        "nixos-wsl": "nixos-wsl",
        "nixpkgs": "nixpkgs_2",
        "plugin-gp-nvim": "plugin-gp-nvim",
        "plugin-neotree-mdheaders": "plugin-neotree-mdheaders"
      }
    }
  },
  "root": "root",
  "version": 7
}
