{
  "nodes": {
    "firefox-addons": {
      "inputs": {
        "nixpkgs": [
          "nixpkgs"
        ]
      },
      "locked": {
        "dir": "pkgs/firefox-addons",
        "lastModified": 1758513812,
        "narHash": "sha256-eDIF1x+9kKhyE4VXakgTNCyrooZOdzi+MMKRTEgDg24=",
        "owner": "rycee",
        "repo": "nur-expressions",
        "rev": "c5e5f5c943728ca2631e11bd52c4eaf7278833bd",
        "type": "gitlab"
      },
      "original": {
        "dir": "pkgs/firefox-addons",
        "owner": "rycee",
        "repo": "nur-expressions",
        "type": "gitlab"
      }
    },
    "flake-compat": {
      "flake": false,
      "locked": {
        "lastModified": 1747046372,
        "narHash": "sha256-CIVLLkVgvHYbgI2UpXvIIBJ12HWgX+fjA8Xf8PUmqCY=",
        "owner": "edolstra",
        "repo": "flake-compat",
        "rev": "9100a0f413b0c601e0533d1d94ffd501ce2e7885",
        "type": "github"
      },
      "original": {
        "owner": "edolstra",
        "repo": "flake-compat",
        "type": "github"
      }
    },
    "home-manager": {
      "inputs": {
        "nixpkgs": [
          "nixpkgs"
        ]
      },
      "locked": {
        "lastModified": 1758593331,
        "narHash": "sha256-p+904PfmINyekyA/LieX3IYGsiFtExC00v5gSYfJtpM=",
        "owner": "nix-community",
        "repo": "home-manager",
        "rev": "9a2dc0efbc569ce9352a6ffb8e8ec8dbc098e142",
        "type": "github"
      },
      "original": {
        "owner": "nix-community",
        "repo": "home-manager",
        "type": "github"
      }
    },
    "leadr": {
      "flake": false,
      "locked": {
        "lastModified": 1756329236,
        "narHash": "sha256-qJCUySy43BSgl3sJpXZHauQeAYVGgKItmXh6TRVuCY4=",
        "owner": "ll-nick",
        "repo": "leadr",
        "rev": "d7b9a9f0877e47d6912b98cdd158fe77553eef05",
        "type": "github"
      },
      "original": {
        "owner": "ll-nick",
        "ref": "v2.6.0",
        "repo": "leadr",
        "type": "github"
      }
    },
    "nixos-wsl": {
      "inputs": {
        "flake-compat": "flake-compat",
        "nixpkgs": "nixpkgs"
      },
      "locked": {
        "lastModified": 1758545267,
        "narHash": "sha256-/qTq2MHOOy+QB6Znz0k2TmomUzq8FsYN6NGhdpW7BQw=",
        "owner": "nix-community",
        "repo": "NixOS-WSL",
        "rev": "a36f84cc858bc139e175c17f64fe699d2dacb755",
        "type": "github"
      },
      "original": {
        "owner": "nix-community",
        "ref": "main",
        "repo": "NixOS-WSL",
        "type": "github"
      }
    },
    "nixpkgs": {
      "locked": {
        "lastModified": 1758277210,
        "narHash": "sha256-iCGWf/LTy+aY0zFu8q12lK8KuZp7yvdhStehhyX1v8w=",
        "owner": "NixOS",
        "repo": "nixpkgs",
        "rev": "8eaee110344796db060382e15d3af0a9fc396e0e",
        "type": "github"
      },
      "original": {
        "owner": "NixOS",
        "ref": "nixos-unstable",
        "repo": "nixpkgs",
        "type": "github"
      }
    },
    "nixpkgs_2": {
      "locked": {
        "lastModified": 1758277210,
        "narHash": "sha256-iCGWf/LTy+aY0zFu8q12lK8KuZp7yvdhStehhyX1v8w=",
        "owner": "NixOS",
        "repo": "nixpkgs",
        "rev": "8eaee110344796db060382e15d3af0a9fc396e0e",
        "type": "github"
      },
      "original": {
        "owner": "NixOS",
        "ref": "nixos-unstable",
        "repo": "nixpkgs",
        "type": "github"
      }
    },
    "plugin-gp-nvim": {
      "flake": false,
      "locked": {
        "lastModified": 1723452815,
        "narHash": "sha256-3tfhahQZPBYbAnRQXtMAnfwr4gH7mdjxtB8ZqrU3au4=",
        "owner": "robitx",
        "repo": "gp.nvim",
        "rev": "e6a01e9788dbc7c09df6ffe47b6d15d1cb455de8",
        "type": "github"
      },
      "original": {
        "owner": "robitx",
        "ref": "v3.9.0",
        "repo": "gp.nvim",
        "type": "github"
      }
    },
    "root": {
      "inputs": {
        "firefox-addons": "firefox-addons",
        "home-manager": "home-manager",
        "leadr": "leadr",
        "nixos-wsl": "nixos-wsl",
        "nixpkgs": "nixpkgs_2",
        "plugin-gp-nvim": "plugin-gp-nvim"
      }
    }
  },
  "root": "root",
  "version": 7
}
